// !$*UTF8*$!
{
	archiveVersion = 1;
	classes = {
	};
	objectVersion = 46;
	objects = {

/* Begin PBXBuildFile section */
		B1291AB81C86CC8700CD81FB /* AppDelegate.swift in Sources */ = {isa = PBXBuildFile; fileRef = B1291AB71C86CC8700CD81FB /* AppDelegate.swift */; };
		B1291ABA1C86CC8700CD81FB /* ViewController.swift in Sources */ = {isa = PBXBuildFile; fileRef = B1291AB91C86CC8700CD81FB /* ViewController.swift */; };
		B1291ABD1C86CC8700CD81FB /* Main.storyboard in Resources */ = {isa = PBXBuildFile; fileRef = B1291ABB1C86CC8700CD81FB /* Main.storyboard */; };
		B1291ABF1C86CC8700CD81FB /* Assets.xcassets in Resources */ = {isa = PBXBuildFile; fileRef = B1291ABE1C86CC8700CD81FB /* Assets.xcassets */; };
		B1291AC21C86CC8700CD81FB /* LaunchScreen.storyboard in Resources */ = {isa = PBXBuildFile; fileRef = B1291AC01C86CC8700CD81FB /* LaunchScreen.storyboard */; };
		B1BE9B121C91BA4500088F5A /* mockVoice.mp3 in Resources */ = {isa = PBXBuildFile; fileRef = B1BE9B111C91BA4500088F5A /* mockVoice.mp3 */; };
		B1BE9B141C91BA5500088F5A /* middle.mp3 in Resources */ = {isa = PBXBuildFile; fileRef = B1BE9B131C91BA5500088F5A /* middle.mp3 */; };
		B1BEE7231CD4EB9B009FA6D7 /* UIParts.swift in Sources */ = {isa = PBXBuildFile; fileRef = B1BEE7221CD4EB9B009FA6D7 /* UIParts.swift */; };
		B1DC97D51C9284AB001D4AE4 /* punch.mp3 in Resources */ = {isa = PBXBuildFile; fileRef = B1DC97D41C9284AB001D4AE4 /* punch.mp3 */; };
/* End PBXBuildFile section */

/* Begin PBXFileReference section */
		B1291AB41C86CC8700CD81FB /* cupNoodleTimer.app */ = {isa = PBXFileReference; explicitFileType = wrapper.application; includeInIndex = 0; path = cupNoodleTimer.app; sourceTree = BUILT_PRODUCTS_DIR; };
		B1291AB71C86CC8700CD81FB /* AppDelegate.swift */ = {isa = PBXFileReference; lastKnownFileType = sourcecode.swift; path = AppDelegate.swift; sourceTree = "<group>"; };
		B1291AB91C86CC8700CD81FB /* ViewController.swift */ = {isa = PBXFileReference; lastKnownFileType = sourcecode.swift; path = ViewController.swift; sourceTree = "<group>"; };
		B1291ABC1C86CC8700CD81FB /* Base */ = {isa = PBXFileReference; lastKnownFileType = file.storyboard; name = Base; path = Base.lproj/Main.storyboard; sourceTree = "<group>"; };
		B1291ABE1C86CC8700CD81FB /* Assets.xcassets */ = {isa = PBXFileReference; lastKnownFileType = folder.assetcatalog; path = Assets.xcassets; sourceTree = "<group>"; };
		B1291AC11C86CC8700CD81FB /* Base */ = {isa = PBXFileReference; lastKnownFileType = file.storyboard; name = Base; path = Base.lproj/LaunchScreen.storyboard; sourceTree = "<group>"; };
		B1291AC31C86CC8700CD81FB /* Info.plist */ = {isa = PBXFileReference; lastKnownFileType = text.plist.xml; path = Info.plist; sourceTree = "<group>"; };
		B1BE9B111C91BA4500088F5A /* mockVoice.mp3 */ = {isa = PBXFileReference; lastKnownFileType = audio.mp3; path = mockVoice.mp3; sourceTree = "<group>"; };
		B1BE9B131C91BA5500088F5A /* middle.mp3 */ = {isa = PBXFileReference; lastKnownFileType = audio.mp3; path = middle.mp3; sourceTree = "<group>"; };
		B1BEE7221CD4EB9B009FA6D7 /* UIParts.swift */ = {isa = PBXFileReference; fileEncoding = 4; lastKnownFileType = sourcecode.swift; path = UIParts.swift; sourceTree = "<group>"; };
		B1DC97D41C9284AB001D4AE4 /* punch.mp3 */ = {isa = PBXFileReference; lastKnownFileType = audio.mp3; path = punch.mp3; sourceTree = "<group>"; };
/* End PBXFileReference section */

/* Begin PBXFrameworksBuildPhase section */
		B1291AB11C86CC8700CD81FB /* Frameworks */ = {
			isa = PBXFrameworksBuildPhase;
			buildActionMask = 2147483647;
			files = (
			);
			runOnlyForDeploymentPostprocessing = 0;
		};
/* End PBXFrameworksBuildPhase section */

/* Begin PBXGroup section */
		B1291AAB1C86CC8700CD81FB = {
			isa = PBXGroup;
			children = (
				B1291AB61C86CC8700CD81FB /* cupNoodleTimer */,
				B1291AB51C86CC8700CD81FB /* Products */,
			);
			sourceTree = "<group>";
		};
		B1291AB51C86CC8700CD81FB /* Products */ = {
			isa = PBXGroup;
			children = (
				B1291AB41C86CC8700CD81FB /* cupNoodleTimer.app */,
			);
			name = Products;
			sourceTree = "<group>";
		};
		B1291AB61C86CC8700CD81FB /* cupNoodleTimer */ = {
			isa = PBXGroup;
			children = (
				B1291AB71C86CC8700CD81FB /* AppDelegate.swift */,
				B1BE9B111C91BA4500088F5A /* mockVoice.mp3 */,
				B1DC97D41C9284AB001D4AE4 /* punch.mp3 */,
				B1BE9B131C91BA5500088F5A /* middle.mp3 */,
				B1291AB91C86CC8700CD81FB /* ViewController.swift */,
				B1291ABB1C86CC8700CD81FB /* Main.storyboard */,
				B1BEE7221CD4EB9B009FA6D7 /* UIParts.swift */,
				B1291ABE1C86CC8700CD81FB /* Assets.xcassets */,
				B1291AC01C86CC8700CD81FB /* LaunchScreen.storyboard */,
				B1291AC31C86CC8700CD81FB /* Info.plist */,
			);
			path = cupNoodleTimer;
			sourceTree = "<group>";
		};
/* End PBXGroup section */

/* Begin PBXNativeTarget section */
		B1291AB31C86CC8700CD81FB /* cupNoodleTimer */ = {
			isa = PBXNativeTarget;
			buildConfigurationList = B1291AC61C86CC8700CD81FB /* Build configuration list for PBXNativeTarget "cupNoodleTimer" */;
			buildPhases = (
				B1291AB01C86CC8700CD81FB /* Sources */,
				B1291AB11C86CC8700CD81FB /* Frameworks */,
				B1291AB21C86CC8700CD81FB /* Resources */,
			);
			buildRules = (
			);
			dependencies = (
			);
			name = cupNoodleTimer;
			productName = mockDisapper;
			productReference = B1291AB41C86CC8700CD81FB /* cupNoodleTimer.app */;
			productType = "com.apple.product-type.application";
		};
/* End PBXNativeTarget section */

/* Begin PBXProject section */
		B1291AAC1C86CC8700CD81FB /* Project object */ = {
			isa = PBXProject;
			attributes = {
				LastSwiftUpdateCheck = 0720;
				LastUpgradeCheck = 0720;
				ORGANIZATIONNAME = "Tomohiro Yoshida";
				TargetAttributes = {
					B1291AB31C86CC8700CD81FB = {
						CreatedOnToolsVersion = 7.2.1;
						DevelopmentTeam = 4UBW99MSX8;
					};
				};
			};
			buildConfigurationList = B1291AAF1C86CC8700CD81FB /* Build configuration list for PBXProject "cupNoodleTimer" */;
			compatibilityVersion = "Xcode 3.2";
			developmentRegion = English;
			hasScannedForEncodings = 0;
			knownRegions = (
				en,
				Base,
			);
			mainGroup = B1291AAB1C86CC8700CD81FB;
			productRefGroup = B1291AB51C86CC8700CD81FB /* Products */;
			projectDirPath = "";
			projectRoot = "";
			targets = (
				B1291AB31C86CC8700CD81FB /* cupNoodleTimer */,
			);
		};
/* End PBXProject section */

/* Begin PBXResourcesBuildPhase section */
		B1291AB21C86CC8700CD81FB /* Resources */ = {
			isa = PBXResourcesBuildPhase;
			buildActionMask = 2147483647;
			files = (
				B1291AC21C86CC8700CD81FB /* LaunchScreen.storyboard in Resources */,
				B1DC97D51C9284AB001D4AE4 /* punch.mp3 in Resources */,
				B1BE9B141C91BA5500088F5A /* middle.mp3 in Resources */,
				B1291ABF1C86CC8700CD81FB /* Assets.xcassets in Resources */,
				B1291ABD1C86CC8700CD81FB /* Main.storyboard in Resources */,
				B1BE9B121C91BA4500088F5A /* mockVoice.mp3 in Resources */,
			);
			runOnlyForDeploymentPostprocessing = 0;
		};
/* End PBXResourcesBuildPhase section */

/* Begin PBXSourcesBuildPhase section */
		B1291AB01C86CC8700CD81FB /* Sources */ = {
			isa = PBXSourcesBuildPhase;
			buildActionMask = 2147483647;
			files = (
				B1291ABA1C86CC8700CD81FB /* ViewController.swift in Sources */,
				B1291AB81C86CC8700CD81FB /* AppDelegate.swift in Sources */,
				B1BEE7231CD4EB9B009FA6D7 /* UIParts.swift in Sources */,
			);
			runOnlyForDeploymentPostprocessing = 0;
		};
/* End PBXSourcesBuildPhase section */

/* Begin PBXVariantGroup section */
		B1291ABB1C86CC8700CD81FB /* Main.storyboard */ = {
			isa = PBXVariantGroup;
			children = (
				B1291ABC1C86CC8700CD81FB /* Base */,
			);
			name = Main.storyboard;
			sourceTree = "<group>";
		};
		B1291AC01C86CC8700CD81FB /* LaunchScreen.storyboard */ = {
			isa = PBXVariantGroup;
			children = (
				B1291AC11C86CC8700CD81FB /* Base */,
			);
			name = LaunchScreen.storyboard;
			sourceTree = "<group>";
		};
/* End PBXVariantGroup section */

/* Begin XCBuildConfiguration section */
		B1291AC41C86CC8700CD81FB /* Debug */ = {
			isa = XCBuildConfiguration;
			buildSettings = {
				ALWAYS_SEARCH_USER_PATHS = NO;
				CLANG_CXX_LANGUAGE_STANDARD = "gnu++0x";
				CLANG_CXX_LIBRARY = "libc++";
				CLANG_ENABLE_MODULES = YES;
				CLANG_ENABLE_OBJC_ARC = YES;
				CLANG_WARN_BOOL_CONVERSION = YES;
				CLANG_WARN_CONSTANT_CONVERSION = YES;
				CLANG_WARN_DIRECT_OBJC_ISA_USAGE = YES_ERROR;
				CLANG_WARN_EMPTY_BODY = YES;
				CLANG_WARN_ENUM_CONVERSION = YES;
				CLANG_WARN_INT_CONVERSION = YES;
				CLANG_WARN_OBJC_ROOT_CLASS = YES_ERROR;
				CLANG_WARN_UNREACHABLE_CODE = YES;
				CLANG_WARN__DUPLICATE_METHOD_MATCH = YES;
				"CODE_SIGN_IDENTITY[sdk=iphoneos*]" = "iPhone Developer";
				COPY_PHASE_STRIP = NO;
				DEBUG_INFORMATION_FORMAT = dwarf;
				ENABLE_STRICT_OBJC_MSGSEND = YES;
				ENABLE_TESTABILITY = YES;
				GCC_C_LANGUAGE_STANDARD = gnu99;
				GCC_DYNAMIC_NO_PIC = NO;
				GCC_NO_COMMON_BLOCKS = YES;
				GCC_OPTIMIZATION_LEVEL = 0;
				GCC_PREPROCESSOR_DEFINITIONS = (
					"DEBUG=1",
					"$(inherited)",
				);
				GCC_WARN_64_TO_32_BIT_CONVERSION = YES;
				GCC_WARN_ABOUT_RETURN_TYPE = YES_ERROR;
				GCC_WARN_UNDECLARED_SELECTOR = YES;
				GCC_WARN_UNINITIALIZED_AUTOS = YES_AGGRESSIVE;
				GCC_WARN_UNUSED_FUNCTION = YES;
				GCC_WARN_UNUSED_VARIABLE = YES;
				IPHONEOS_DEPLOYMENT_TARGET = 9.2;
				MTL_ENABLE_DEBUG_INFO = YES;
				ONLY_ACTIVE_ARCH = YES;
				SDKROOT = iphoneos;
				SWIFT_OPTIMIZATION_LEVEL = "-Onone";
			};
			name = Debug;
		};
		B1291AC51C86CC8700CD81FB /* Release */ = {
			isa = XCBuildConfiguration;
			buildSettings = {
				ALWAYS_SEARCH_USER_PATHS = NO;
				CLANG_CXX_LANGUAGE_STANDARD = "gnu++0x";
				CLANG_CXX_LIBRARY = "libc++";
				CLANG_ENABLE_MODULES = YES;
				CLANG_ENABLE_OBJC_ARC = YES;
				CLANG_WARN_BOOL_CONVERSION = YES;
				CLANG_WARN_CONSTANT_CONVERSION = YES;
				CLANG_WARN_DIRECT_OBJC_ISA_USAGE = YES_ERROR;
				CLANG_WARN_EMPTY_BODY = YES;
				CLANG_WARN_ENUM_CONVERSION = YES;
				CLANG_WARN_INT_CONVERSION = YES;
				CLANG_WARN_OBJC_ROOT_CLASS = YES_ERROR;
				CLANG_WARN_UNREACHABLE_CODE = YES;
				CLANG_WARN__DUPLICATE_METHOD_MATCH = YES;
				"CODE_SIGN_IDENTITY[sdk=iphoneos*]" = "iPhone Developer";
				COPY_PHASE_STRIP = NO;
				DEBUG_INFORMATION_FORMAT = "dwarf-with-dsym";
				ENABLE_NS_ASSERTIONS = NO;
				ENABLE_STRICT_OBJC_MSGSEND = YES;
				GCC_C_LANGUAGE_STANDARD = gnu99;
				GCC_NO_COMMON_BLOCKS = YES;
				GCC_WARN_64_TO_32_BIT_CONVERSION = YES;
				GCC_WARN_ABOUT_RETURN_TYPE = YES_ERROR;
				GCC_WARN_UNDECLARED_SELECTOR = YES;
				GCC_WARN_UNINITIALIZED_AUTOS = YES_AGGRESSIVE;
				GCC_WARN_UNUSED_FUNCTION = YES;
				GCC_WARN_UNUSED_VARIABLE = YES;
				IPHONEOS_DEPLOYMENT_TARGET = 9.2;
				MTL_ENABLE_DEBUG_INFO = NO;
				SDKROOT = iphoneos;
				VALIDATE_PRODUCT = YES;
			};
			name = Release;
		};
		B1291AC71C86CC8700CD81FB /* Debug */ = {
			isa = XCBuildConfiguration;
			buildSettings = {
				ASSETCATALOG_COMPILER_APPICON_NAME = AppIcon;
				INFOPLIST_FILE = "$(SRCROOT)/cupNoodleTimer/Info.plist";
				LD_RUNPATH_SEARCH_PATHS = "$(inherited) @executable_path/Frameworks";
				PRODUCT_BUNDLE_IDENTIFIER = self.cupNoodleTimer;
				PRODUCT_NAME = cupNoodleTimer;
			};
			name = Debug;
		};
		B1291AC81C86CC8700CD81FB /* Release */ = {
			isa = XCBuildConfiguration;
			buildSettings = {
				ASSETCATALOG_COMPILER_APPICON_NAME = AppIcon;
				INFOPLIST_FILE = "$(SRCROOT)/cupNoodleTimer/Info.plist";
				LD_RUNPATH_SEARCH_PATHS = "$(inherited) @executable_path/Frameworks";
				PRODUCT_BUNDLE_IDENTIFIER = self.cupNoodleTimer;
				PRODUCT_NAME = cupNoodleTimer;
			};
			name = Release;
		};
/* End XCBuildConfiguration section */

/* Begin XCConfigurationList section */
		B1291AAF1C86CC8700CD81FB /* Build configuration list for PBXProject "cupNoodleTimer" */ = {
			isa = XCConfigurationList;
			buildConfigurations = (
				B1291AC41C86CC8700CD81FB /* Debug */,
				B1291AC51C86CC8700CD81FB /* Release */,
			);
			defaultConfigurationIsVisible = 0;
			defaultConfigurationName = Release;
		};
		B1291AC61C86CC8700CD81FB /* Build configuration list for PBXNativeTarget "cupNoodleTimer" */ = {
			isa = XCConfigurationList;
			buildConfigurations = (
				B1291AC71C86CC8700CD81FB /* Debug */,
				B1291AC81C86CC8700CD81FB /* Release */,
			);
			defaultConfigurationIsVisible = 0;
			defaultConfigurationName = Release;
		};
/* End XCConfigurationList section */
	};
	rootObject = B1291AAC1C86CC8700CD81FB /* Project object */;
}
